
Microsoft Visual Studio Solution File, Format Version 12.00
# Visual Studio Version 17
VisualStudioVersion = 17.8.34525.116
MinimumVisualStudioVersion = 10.0.40219.1
Project("{9A19103F-16F7-4668-BE54-9A1E7A4F7556}") = "P01_Encrypt-Sort-and-Print-Array", "P01_Encrypt-Sort-and-Print-Array\P01_Encrypt-Sort-and-Print-Array.csproj", "{FCF0AE6E-F3C8-419A-8BE6-12432848ACAE}"
EndProject
Project("{FAE04EC0-301F-11D3-BF4B-00C04F79EFBC}") = "P02_Pascal-Triangle", "P02_Pascal-Triangle\P02_Pascal-Triangle.csproj", "{96AAD2EC-A382-47B4-96D3-CFB71099FCA8}"
EndProject
Project("{FAE04EC0-301F-11D3-BF4B-00C04F79EFBC}") = "P03_Recursive-Fibonacci", "P03_Recursive-Fibonacci\P03_Recursive-Fibonacci.csproj", "{AAB28AF4-67BC-428C-81EA-0492B3776DDD}"
EndProject
Project("{FAE04EC0-301F-11D3-BF4B-00C04F79EFBC}") = "P04_Fold-and-Sum", "P04_Fold-and-Sum\P04_Fold-and-Sum.csproj", "{A24DD505-278D-4BEA-A339-297FF00788BC}"
EndProject
Project("{FAE04EC0-301F-11D3-BF4B-00C04F79EFBC}") = "P05_Longest-Increasing-Subsequence", "P05_Longest-Increasing-Subsequence\P05_Longest-Increasing-Subsequence.csproj", "{3432C76A-ED80-4570-B27D-0D838771326E}"
EndProject
Global
	GlobalSection(SolutionConfigurationPlatforms) = preSolution
		Debug|Any CPU = Debug|Any CPU
		Release|Any CPU = Release|Any CPU
	EndGlobalSection
	GlobalSection(ProjectConfigurationPlatforms) = postSolution
		{FCF0AE6E-F3C8-419A-8BE6-12432848ACAE}.Debug|Any CPU.ActiveCfg = Debug|Any CPU
		{FCF0AE6E-F3C8-419A-8BE6-12432848ACAE}.Debug|Any CPU.Build.0 = Debug|Any CPU
		{FCF0AE6E-F3C8-419A-8BE6-12432848ACAE}.Release|Any CPU.ActiveCfg = Release|Any CPU
		{FCF0AE6E-F3C8-419A-8BE6-12432848ACAE}.Release|Any CPU.Build.0 = Release|Any CPU
		{96AAD2EC-A382-47B4-96D3-CFB71099FCA8}.Debug|Any CPU.ActiveCfg = Debug|Any CPU
		{96AAD2EC-A382-47B4-96D3-CFB71099FCA8}.Debug|Any CPU.Build.0 = Debug|Any CPU
		{96AAD2EC-A382-47B4-96D3-CFB71099FCA8}.Release|Any CPU.ActiveCfg = Release|Any CPU
		{96AAD2EC-A382-47B4-96D3-CFB71099FCA8}.Release|Any CPU.Build.0 = Release|Any CPU
		{AAB28AF4-67BC-428C-81EA-0492B3776DDD}.Debug|Any CPU.ActiveCfg = Debug|Any CPU
		{AAB28AF4-67BC-428C-81EA-0492B3776DDD}.Debug|Any CPU.Build.0 = Debug|Any CPU
		{AAB28AF4-67BC-428C-81EA-0492B3776DDD}.Release|Any CPU.ActiveCfg = Release|Any CPU
		{AAB28AF4-67BC-428C-81EA-0492B3776DDD}.Release|Any CPU.Build.0 = Release|Any CPU
		{A24DD505-278D-4BEA-A339-297FF00788BC}.Debug|Any CPU.ActiveCfg = Debug|Any CPU
		{A24DD505-278D-4BEA-A339-297FF00788BC}.Debug|Any CPU.Build.0 = Debug|Any CPU
		{A24DD505-278D-4BEA-A339-297FF00788BC}.Release|Any CPU.ActiveCfg = Release|Any CPU
		{A24DD505-278D-4BEA-A339-297FF00788BC}.Release|Any CPU.Build.0 = Release|Any CPU
		{3432C76A-ED80-4570-B27D-0D838771326E}.Debug|Any CPU.ActiveCfg = Debug|Any CPU
		{3432C76A-ED80-4570-B27D-0D838771326E}.Debug|Any CPU.Build.0 = Debug|Any CPU
		{3432C76A-ED80-4570-B27D-0D838771326E}.Release|Any CPU.ActiveCfg = Release|Any CPU
		{3432C76A-ED80-4570-B27D-0D838771326E}.Release|Any CPU.Build.0 = Release|Any CPU
	EndGlobalSection
	GlobalSection(SolutionProperties) = preSolution
		HideSolutionNode = FALSE
	EndGlobalSection
	GlobalSection(ExtensibilityGlobals) = postSolution
		SolutionGuid = {1DCEE512-F7D7-4D7C-A125-E416AE347BB8}
	EndGlobalSection
EndGlobal
