
Microsoft Visual Studio Solution File, Format Version 12.00
# Visual Studio Version 17
VisualStudioVersion = 17.8.34525.116
MinimumVisualStudioVersion = 10.0.40219.1
Project("{FAE04EC0-301F-11D3-BF4B-00C04F79EFBC}") = "P01_Student-Information", "01_Student-Information\P01_Student-Information.csproj", "{7689A3ED-C2E8-49E1-AFCD-F4A950A743B7}"
EndProject
Project("{FAE04EC0-301F-11D3-BF4B-00C04F79EFBC}") = "P02_Passed", "02_Passed\P02_Passed.csproj", "{B3F1A0DD-CEF9-4516-B97B-21605E043CA7}"
EndProject
Project("{FAE04EC0-301F-11D3-BF4B-00C04F79EFBC}") = "P03_Passed-or-Failed", "P03_Passed-or-Failed\P03_Passed-or-Failed.csproj", "{5BE58F6F-46A8-4126-BF24-49E571E8A697}"
EndProject
Project("{FAE04EC0-301F-11D3-BF4B-00C04F79EFBC}") = "P04._Back-In-30-Minutes", "04._Back-In-30-Minutes\P04._Back-In-30-Minutes.csproj", "{3D3BF85F-7EF0-42CF-9672-6A7CC31DB4A1}"
EndProject
Project("{FAE04EC0-301F-11D3-BF4B-00C04F79EFBC}") = "P05_Month-Printer", "P05_Month-Printer\P05_Month-Printer.csproj", "{F922AB7F-E476-484E-B60A-51A933D9829D}"
EndProject
Global
	GlobalSection(SolutionConfigurationPlatforms) = preSolution
		Debug|Any CPU = Debug|Any CPU
		Release|Any CPU = Release|Any CPU
	EndGlobalSection
	GlobalSection(ProjectConfigurationPlatforms) = postSolution
		{7689A3ED-C2E8-49E1-AFCD-F4A950A743B7}.Debug|Any CPU.ActiveCfg = Debug|Any CPU
		{7689A3ED-C2E8-49E1-AFCD-F4A950A743B7}.Debug|Any CPU.Build.0 = Debug|Any CPU
		{7689A3ED-C2E8-49E1-AFCD-F4A950A743B7}.Release|Any CPU.ActiveCfg = Release|Any CPU
		{7689A3ED-C2E8-49E1-AFCD-F4A950A743B7}.Release|Any CPU.Build.0 = Release|Any CPU
		{B3F1A0DD-CEF9-4516-B97B-21605E043CA7}.Debug|Any CPU.ActiveCfg = Debug|Any CPU
		{B3F1A0DD-CEF9-4516-B97B-21605E043CA7}.Debug|Any CPU.Build.0 = Debug|Any CPU
		{B3F1A0DD-CEF9-4516-B97B-21605E043CA7}.Release|Any CPU.ActiveCfg = Release|Any CPU
		{B3F1A0DD-CEF9-4516-B97B-21605E043CA7}.Release|Any CPU.Build.0 = Release|Any CPU
		{5BE58F6F-46A8-4126-BF24-49E571E8A697}.Debug|Any CPU.ActiveCfg = Debug|Any CPU
		{5BE58F6F-46A8-4126-BF24-49E571E8A697}.Debug|Any CPU.Build.0 = Debug|Any CPU
		{5BE58F6F-46A8-4126-BF24-49E571E8A697}.Release|Any CPU.ActiveCfg = Release|Any CPU
		{5BE58F6F-46A8-4126-BF24-49E571E8A697}.Release|Any CPU.Build.0 = Release|Any CPU
		{3D3BF85F-7EF0-42CF-9672-6A7CC31DB4A1}.Debug|Any CPU.ActiveCfg = Debug|Any CPU
		{3D3BF85F-7EF0-42CF-9672-6A7CC31DB4A1}.Debug|Any CPU.Build.0 = Debug|Any CPU
		{3D3BF85F-7EF0-42CF-9672-6A7CC31DB4A1}.Release|Any CPU.ActiveCfg = Release|Any CPU
		{3D3BF85F-7EF0-42CF-9672-6A7CC31DB4A1}.Release|Any CPU.Build.0 = Release|Any CPU
		{F922AB7F-E476-484E-B60A-51A933D9829D}.Debug|Any CPU.ActiveCfg = Debug|Any CPU
		{F922AB7F-E476-484E-B60A-51A933D9829D}.Debug|Any CPU.Build.0 = Debug|Any CPU
		{F922AB7F-E476-484E-B60A-51A933D9829D}.Release|Any CPU.ActiveCfg = Release|Any CPU
		{F922AB7F-E476-484E-B60A-51A933D9829D}.Release|Any CPU.Build.0 = Release|Any CPU
	EndGlobalSection
	GlobalSection(SolutionProperties) = preSolution
		HideSolutionNode = FALSE
	EndGlobalSection
	GlobalSection(ExtensibilityGlobals) = postSolution
		SolutionGuid = {A1CE8899-B00C-492D-9780-3D5DED4C73AF}
	EndGlobalSection
EndGlobal
