
Microsoft Visual Studio Solution File, Format Version 12.00
# Visual Studio Version 17
VisualStudioVersion = 17.8.34525.116
MinimumVisualStudioVersion = 10.0.40219.1
Project("{FAE04EC0-301F-11D3-BF4B-00C04F79EFBC}") = "P01_Data-Type-Finder", "P01_Data-Type-Finder\P01_Data-Type-Finder.csproj", "{493F20C4-CB82-4219-8DD9-FA8A736C5CB0}"
EndProject
Project("{FAE04EC0-301F-11D3-BF4B-00C04F79EFBC}") = "P02_From-Left-to-The-Right", "P02_From-Left-to-The-Right\P02_From-Left-to-The-Right.csproj", "{55637927-0754-4395-938B-DCD6663B55F7}"
EndProject
Project("{FAE04EC0-301F-11D3-BF4B-00C04F79EFBC}") = "P03_Floating-Equality", "P03_Floating-Equality\P03_Floating-Equality.csproj", "{3B636D7F-8116-4423-8DDC-39F2A4EBE326}"
EndProject
Project("{FAE04EC0-301F-11D3-BF4B-00C04F79EFBC}") = "P04_Refactoring-Prime-Checker", "P04_Refactoring-Prime-Checker\P04_Refactoring-Prime-Checker.csproj", "{0970320A-4CC3-451F-91CA-C955F92871D9}"
EndProject
Project("{FAE04EC0-301F-11D3-BF4B-00C04F79EFBC}") = "P05_Decrypting-Message", "P05_Decrypting-Message\P05_Decrypting-Message.csproj", "{3F8C5F28-A98B-418C-8C3E-66C6E73D441F}"
EndProject
Global
	GlobalSection(SolutionConfigurationPlatforms) = preSolution
		Debug|Any CPU = Debug|Any CPU
		Release|Any CPU = Release|Any CPU
	EndGlobalSection
	GlobalSection(ProjectConfigurationPlatforms) = postSolution
		{493F20C4-CB82-4219-8DD9-FA8A736C5CB0}.Debug|Any CPU.ActiveCfg = Debug|Any CPU
		{493F20C4-CB82-4219-8DD9-FA8A736C5CB0}.Debug|Any CPU.Build.0 = Debug|Any CPU
		{493F20C4-CB82-4219-8DD9-FA8A736C5CB0}.Release|Any CPU.ActiveCfg = Release|Any CPU
		{493F20C4-CB82-4219-8DD9-FA8A736C5CB0}.Release|Any CPU.Build.0 = Release|Any CPU
		{55637927-0754-4395-938B-DCD6663B55F7}.Debug|Any CPU.ActiveCfg = Debug|Any CPU
		{55637927-0754-4395-938B-DCD6663B55F7}.Debug|Any CPU.Build.0 = Debug|Any CPU
		{55637927-0754-4395-938B-DCD6663B55F7}.Release|Any CPU.ActiveCfg = Release|Any CPU
		{55637927-0754-4395-938B-DCD6663B55F7}.Release|Any CPU.Build.0 = Release|Any CPU
		{3B636D7F-8116-4423-8DDC-39F2A4EBE326}.Debug|Any CPU.ActiveCfg = Debug|Any CPU
		{3B636D7F-8116-4423-8DDC-39F2A4EBE326}.Debug|Any CPU.Build.0 = Debug|Any CPU
		{3B636D7F-8116-4423-8DDC-39F2A4EBE326}.Release|Any CPU.ActiveCfg = Release|Any CPU
		{3B636D7F-8116-4423-8DDC-39F2A4EBE326}.Release|Any CPU.Build.0 = Release|Any CPU
		{0970320A-4CC3-451F-91CA-C955F92871D9}.Debug|Any CPU.ActiveCfg = Debug|Any CPU
		{0970320A-4CC3-451F-91CA-C955F92871D9}.Debug|Any CPU.Build.0 = Debug|Any CPU
		{0970320A-4CC3-451F-91CA-C955F92871D9}.Release|Any CPU.ActiveCfg = Release|Any CPU
		{0970320A-4CC3-451F-91CA-C955F92871D9}.Release|Any CPU.Build.0 = Release|Any CPU
		{3F8C5F28-A98B-418C-8C3E-66C6E73D441F}.Debug|Any CPU.ActiveCfg = Debug|Any CPU
		{3F8C5F28-A98B-418C-8C3E-66C6E73D441F}.Debug|Any CPU.Build.0 = Debug|Any CPU
		{3F8C5F28-A98B-418C-8C3E-66C6E73D441F}.Release|Any CPU.ActiveCfg = Release|Any CPU
		{3F8C5F28-A98B-418C-8C3E-66C6E73D441F}.Release|Any CPU.Build.0 = Release|Any CPU
	EndGlobalSection
	GlobalSection(SolutionProperties) = preSolution
		HideSolutionNode = FALSE
	EndGlobalSection
	GlobalSection(ExtensibilityGlobals) = postSolution
		SolutionGuid = {D73B7A17-F96C-47B3-964C-26CF7F3D6902}
	EndGlobalSection
EndGlobal
