
Microsoft Visual Studio Solution File, Format Version 12.00
# Visual Studio Version 17
VisualStudioVersion = 17.9.34616.47
MinimumVisualStudioVersion = 10.0.40219.1
Project("{9A19103F-16F7-4668-BE54-9A1E7A4F7556}") = "P01_Train", "P01_Train\P01_Train.csproj", "{4382527A-8BC0-47C0-815F-7A7B9E4D094E}"
EndProject
Project("{9A19103F-16F7-4668-BE54-9A1E7A4F7556}") = "P02_Change-List", "P02_Change-List\P02_Change-List.csproj", "{01F6603E-67AD-4AC0-BD08-AD1A1DE11A07}"
EndProject
Project("{9A19103F-16F7-4668-BE54-9A1E7A4F7556}") = "P03_House-Party", "P03_House-Party\P03_House-Party.csproj", "{B0F3DEE8-6886-4240-AC97-B169A31BB645}"
EndProject
Project("{9A19103F-16F7-4668-BE54-9A1E7A4F7556}") = "P04_List-Operations", "P04_List-Operations\P04_List-Operations.csproj", "{B3FF600D-08B1-4FD6-BD4A-0EFB902DCCBC}"
EndProject
Project("{9A19103F-16F7-4668-BE54-9A1E7A4F7556}") = "P05_Bomb-Numbers", "P05_Bomb-Numbers\P05_Bomb-Numbers.csproj", "{F59D66D2-B119-406E-9320-61F9F94A08E9}"
EndProject
Project("{FAE04EC0-301F-11D3-BF4B-00C04F79EFBC}") = "P06_Cards-Game", "P06_Cards-Game\P06_Cards-Game.csproj", "{70893F0E-F31F-4CD0-895B-54A8DE142C58}"
EndProject
Project("{FAE04EC0-301F-11D3-BF4B-00C04F79EFBC}") = "P07_Append-Arrays", "P07_Append-Arrays\P07_Append-Arrays.csproj", "{90B64187-B8E9-4C49-A461-3AE920757542}"
EndProject
Global
	GlobalSection(SolutionConfigurationPlatforms) = preSolution
		Debug|Any CPU = Debug|Any CPU
		Release|Any CPU = Release|Any CPU
	EndGlobalSection
	GlobalSection(ProjectConfigurationPlatforms) = postSolution
		{4382527A-8BC0-47C0-815F-7A7B9E4D094E}.Debug|Any CPU.ActiveCfg = Debug|Any CPU
		{4382527A-8BC0-47C0-815F-7A7B9E4D094E}.Debug|Any CPU.Build.0 = Debug|Any CPU
		{4382527A-8BC0-47C0-815F-7A7B9E4D094E}.Release|Any CPU.ActiveCfg = Release|Any CPU
		{4382527A-8BC0-47C0-815F-7A7B9E4D094E}.Release|Any CPU.Build.0 = Release|Any CPU
		{01F6603E-67AD-4AC0-BD08-AD1A1DE11A07}.Debug|Any CPU.ActiveCfg = Debug|Any CPU
		{01F6603E-67AD-4AC0-BD08-AD1A1DE11A07}.Debug|Any CPU.Build.0 = Debug|Any CPU
		{01F6603E-67AD-4AC0-BD08-AD1A1DE11A07}.Release|Any CPU.ActiveCfg = Release|Any CPU
		{01F6603E-67AD-4AC0-BD08-AD1A1DE11A07}.Release|Any CPU.Build.0 = Release|Any CPU
		{B0F3DEE8-6886-4240-AC97-B169A31BB645}.Debug|Any CPU.ActiveCfg = Debug|Any CPU
		{B0F3DEE8-6886-4240-AC97-B169A31BB645}.Debug|Any CPU.Build.0 = Debug|Any CPU
		{B0F3DEE8-6886-4240-AC97-B169A31BB645}.Release|Any CPU.ActiveCfg = Release|Any CPU
		{B0F3DEE8-6886-4240-AC97-B169A31BB645}.Release|Any CPU.Build.0 = Release|Any CPU
		{B3FF600D-08B1-4FD6-BD4A-0EFB902DCCBC}.Debug|Any CPU.ActiveCfg = Debug|Any CPU
		{B3FF600D-08B1-4FD6-BD4A-0EFB902DCCBC}.Debug|Any CPU.Build.0 = Debug|Any CPU
		{B3FF600D-08B1-4FD6-BD4A-0EFB902DCCBC}.Release|Any CPU.ActiveCfg = Release|Any CPU
		{B3FF600D-08B1-4FD6-BD4A-0EFB902DCCBC}.Release|Any CPU.Build.0 = Release|Any CPU
		{F59D66D2-B119-406E-9320-61F9F94A08E9}.Debug|Any CPU.ActiveCfg = Debug|Any CPU
		{F59D66D2-B119-406E-9320-61F9F94A08E9}.Debug|Any CPU.Build.0 = Debug|Any CPU
		{F59D66D2-B119-406E-9320-61F9F94A08E9}.Release|Any CPU.ActiveCfg = Release|Any CPU
		{F59D66D2-B119-406E-9320-61F9F94A08E9}.Release|Any CPU.Build.0 = Release|Any CPU
		{70893F0E-F31F-4CD0-895B-54A8DE142C58}.Debug|Any CPU.ActiveCfg = Debug|Any CPU
		{70893F0E-F31F-4CD0-895B-54A8DE142C58}.Debug|Any CPU.Build.0 = Debug|Any CPU
		{70893F0E-F31F-4CD0-895B-54A8DE142C58}.Release|Any CPU.ActiveCfg = Release|Any CPU
		{70893F0E-F31F-4CD0-895B-54A8DE142C58}.Release|Any CPU.Build.0 = Release|Any CPU
		{90B64187-B8E9-4C49-A461-3AE920757542}.Debug|Any CPU.ActiveCfg = Debug|Any CPU
		{90B64187-B8E9-4C49-A461-3AE920757542}.Debug|Any CPU.Build.0 = Debug|Any CPU
		{90B64187-B8E9-4C49-A461-3AE920757542}.Release|Any CPU.ActiveCfg = Release|Any CPU
		{90B64187-B8E9-4C49-A461-3AE920757542}.Release|Any CPU.Build.0 = Release|Any CPU
	EndGlobalSection
	GlobalSection(SolutionProperties) = preSolution
		HideSolutionNode = FALSE
	EndGlobalSection
	GlobalSection(ExtensibilityGlobals) = postSolution
		SolutionGuid = {46B91180-9688-4D73-828C-2EA353FA952E}
	EndGlobalSection
EndGlobal
