
Microsoft Visual Studio Solution File, Format Version 12.00
# Visual Studio Version 17
VisualStudioVersion = 17.8.34525.116
MinimumVisualStudioVersion = 10.0.40219.1
Project("{FAE04EC0-301F-11D3-BF4B-00C04F79EFBC}") = "P01_Integer-Operations", "P01_Integer-Operations\P01_Integer-Operations.csproj", "{66A9FFB4-6B37-4EE2-B1B0-7F34829DB668}"
EndProject
Global
	GlobalSection(SolutionConfigurationPlatforms) = preSolution
		Debug|Any CPU = Debug|Any CPU
		Release|Any CPU = Release|Any CPU
	EndGlobalSection
	GlobalSection(ProjectConfigurationPlatforms) = postSolution
		{66A9FFB4-6B37-4EE2-B1B0-7F34829DB668}.Debug|Any CPU.ActiveCfg = Debug|Any CPU
		{66A9FFB4-6B37-4EE2-B1B0-7F34829DB668}.Debug|Any CPU.Build.0 = Debug|Any CPU
		{66A9FFB4-6B37-4EE2-B1B0-7F34829DB668}.Release|Any CPU.ActiveCfg = Release|Any CPU
		{66A9FFB4-6B37-4EE2-B1B0-7F34829DB668}.Release|Any CPU.Build.0 = Release|Any CPU
	EndGlobalSection
	GlobalSection(SolutionProperties) = preSolution
		HideSolutionNode = FALSE
	EndGlobalSection
	GlobalSection(ExtensibilityGlobals) = postSolution
		SolutionGuid = {153468FA-4ED1-4F5B-A6F9-EFDE9B07F04B}
	EndGlobalSection
EndGlobal
